
Microsoft Visual Studio Solution File, Format Version 12.00
# Visual Studio 15
VisualStudioVersion = 15.0.28307.421
MinimumVisualStudioVersion = 10.0.40219.1
Project("{FAE04EC0-301F-11D3-BF4B-00C04F79EFBC}") = "Tomasos", "Tomasos\Tomasos.csproj", "{B29C8482-FD3D-427D-8771-D6298BCA49E1}"
EndProject
Global
	GlobalSection(SolutionConfigurationPlatforms) = preSolution
		Debug|Any CPU = Debug|Any CPU
		Release|Any CPU = Release|Any CPU
	EndGlobalSection
	GlobalSection(ProjectConfigurationPlatforms) = postSolution
		{B29C8482-FD3D-427D-8771-D6298BCA49E1}.Debug|Any CPU.ActiveCfg = Debug|Any CPU
		{B29C8482-FD3D-427D-8771-D6298BCA49E1}.Debug|Any CPU.Build.0 = Debug|Any CPU
		{B29C8482-FD3D-427D-8771-D6298BCA49E1}.Release|Any CPU.ActiveCfg = Release|Any CPU
		{B29C8482-FD3D-427D-8771-D6298BCA49E1}.Release|Any CPU.Build.0 = Release|Any CPU
	EndGlobalSection
	GlobalSection(SolutionProperties) = preSolution
		HideSolutionNode = FALSE
	EndGlobalSection
	GlobalSection(ExtensibilityGlobals) = postSolution
		SolutionGuid = {DB127B05-AA44-493C-98D2-F5555563CF8C}
	EndGlobalSection
EndGlobal
